
Microsoft Visual Studio Solution File, Format Version 12.00
# Visual Studio Version 17
VisualStudioVersion = 17.8.34511.84
MinimumVisualStudioVersion = 10.0.40219.1
Project("{8BC9CEB8-8B4A-11D0-8D11-00A0C91BC942}") = "Sort_Bubble", "Sort_Bubble\Sort_Bubble.vcxproj", "{3B371EC2-BF19-4E7F-929A-4F77E05FEB3F}"
EndProject
Global
	GlobalSection(SolutionConfigurationPlatforms) = preSolution
		Debug|x64 = Debug|x64
		Debug|x86 = Debug|x86
		Release|x64 = Release|x64
		Release|x86 = Release|x86
	EndGlobalSection
	GlobalSection(ProjectConfigurationPlatforms) = postSolution
		{3B371EC2-BF19-4E7F-929A-4F77E05FEB3F}.Debug|x64.ActiveCfg = Debug|x64
		{3B371EC2-BF19-4E7F-929A-4F77E05FEB3F}.Debug|x64.Build.0 = Debug|x64
		{3B371EC2-BF19-4E7F-929A-4F77E05FEB3F}.Debug|x86.ActiveCfg = Debug|Win32
		{3B371EC2-BF19-4E7F-929A-4F77E05FEB3F}.Debug|x86.Build.0 = Debug|Win32
		{3B371EC2-BF19-4E7F-929A-4F77E05FEB3F}.Release|x64.ActiveCfg = Release|x64
		{3B371EC2-BF19-4E7F-929A-4F77E05FEB3F}.Release|x64.Build.0 = Release|x64
		{3B371EC2-BF19-4E7F-929A-4F77E05FEB3F}.Release|x86.ActiveCfg = Release|Win32
		{3B371EC2-BF19-4E7F-929A-4F77E05FEB3F}.Release|x86.Build.0 = Release|Win32
	EndGlobalSection
	GlobalSection(SolutionProperties) = preSolution
		HideSolutionNode = FALSE
	EndGlobalSection
	GlobalSection(ExtensibilityGlobals) = postSolution
		SolutionGuid = {A094D6FB-16D6-44B0-82FC-5A9D4321C3A3}
	EndGlobalSection
EndGlobal
